
Microsoft Visual Studio Solution File, Format Version 12.00
# Visual Studio Version 17
VisualStudioVersion = 17.8.34408.163
MinimumVisualStudioVersion = 10.0.40219.1
Project("{FAE04EC0-301F-11D3-BF4B-00C04F79EFBC}") = "First_Homework_pt1", "First_Homework\First_Homework_pt1.csproj", "{22862BB5-3FEB-40DA-B3ED-946B571EB257}"
EndProject
Project("{FAE04EC0-301F-11D3-BF4B-00C04F79EFBC}") = "Array_1", "First_Homework_pt2\Array_1.csproj", "{5957B9C7-9248-4992-9E42-BCEBBCD244D1}"
EndProject
Project("{FAE04EC0-301F-11D3-BF4B-00C04F79EFBC}") = "Array_2", "Array_2\Array_2.csproj", "{E1E14EEA-A1E7-47AB-BCB1-03DFCD11F438}"
EndProject
Project("{FAE04EC0-301F-11D3-BF4B-00C04F79EFBC}") = "Array_3", "Array_3\Array_3.csproj", "{86890C18-37B6-4E58-9F47-1D39ACF1A370}"
EndProject
Project("{FAE04EC0-301F-11D3-BF4B-00C04F79EFBC}") = "Array_4", "Array_4\Array_4.csproj", "{FA70EC04-74EB-43E2-8DE9-BC54119A5D06}"
EndProject
Global
	GlobalSection(SolutionConfigurationPlatforms) = preSolution
		Debug|Any CPU = Debug|Any CPU
		Release|Any CPU = Release|Any CPU
	EndGlobalSection
	GlobalSection(ProjectConfigurationPlatforms) = postSolution
		{22862BB5-3FEB-40DA-B3ED-946B571EB257}.Debug|Any CPU.ActiveCfg = Debug|Any CPU
		{22862BB5-3FEB-40DA-B3ED-946B571EB257}.Debug|Any CPU.Build.0 = Debug|Any CPU
		{22862BB5-3FEB-40DA-B3ED-946B571EB257}.Release|Any CPU.ActiveCfg = Release|Any CPU
		{22862BB5-3FEB-40DA-B3ED-946B571EB257}.Release|Any CPU.Build.0 = Release|Any CPU
		{5957B9C7-9248-4992-9E42-BCEBBCD244D1}.Debug|Any CPU.ActiveCfg = Debug|Any CPU
		{5957B9C7-9248-4992-9E42-BCEBBCD244D1}.Debug|Any CPU.Build.0 = Debug|Any CPU
		{5957B9C7-9248-4992-9E42-BCEBBCD244D1}.Release|Any CPU.ActiveCfg = Release|Any CPU
		{5957B9C7-9248-4992-9E42-BCEBBCD244D1}.Release|Any CPU.Build.0 = Release|Any CPU
		{E1E14EEA-A1E7-47AB-BCB1-03DFCD11F438}.Debug|Any CPU.ActiveCfg = Debug|Any CPU
		{E1E14EEA-A1E7-47AB-BCB1-03DFCD11F438}.Debug|Any CPU.Build.0 = Debug|Any CPU
		{E1E14EEA-A1E7-47AB-BCB1-03DFCD11F438}.Release|Any CPU.ActiveCfg = Release|Any CPU
		{E1E14EEA-A1E7-47AB-BCB1-03DFCD11F438}.Release|Any CPU.Build.0 = Release|Any CPU
		{86890C18-37B6-4E58-9F47-1D39ACF1A370}.Debug|Any CPU.ActiveCfg = Debug|Any CPU
		{86890C18-37B6-4E58-9F47-1D39ACF1A370}.Debug|Any CPU.Build.0 = Debug|Any CPU
		{86890C18-37B6-4E58-9F47-1D39ACF1A370}.Release|Any CPU.ActiveCfg = Release|Any CPU
		{86890C18-37B6-4E58-9F47-1D39ACF1A370}.Release|Any CPU.Build.0 = Release|Any CPU
		{FA70EC04-74EB-43E2-8DE9-BC54119A5D06}.Debug|Any CPU.ActiveCfg = Debug|Any CPU
		{FA70EC04-74EB-43E2-8DE9-BC54119A5D06}.Debug|Any CPU.Build.0 = Debug|Any CPU
		{FA70EC04-74EB-43E2-8DE9-BC54119A5D06}.Release|Any CPU.ActiveCfg = Release|Any CPU
		{FA70EC04-74EB-43E2-8DE9-BC54119A5D06}.Release|Any CPU.Build.0 = Release|Any CPU
	EndGlobalSection
	GlobalSection(SolutionProperties) = preSolution
		HideSolutionNode = FALSE
	EndGlobalSection
	GlobalSection(ExtensibilityGlobals) = postSolution
		SolutionGuid = {FCDA464F-37EA-4BF9-9751-6F8AC87D7DBF}
	EndGlobalSection
EndGlobal
